// !$*UTF8*$!
{
	archiveVersion = 1;
	classes = {
	};
	objectVersion = 46;
	objects = {

/* Begin PBXBuildFile section */
		A18912F01B2DEC1100567775 /* AppDelegate.swift in Sources */ = {isa = PBXBuildFile; fileRef = A18912EF1B2DEC1100567775 /* AppDelegate.swift */; };
		A18912F21B2DEC1100567775 /* FirstViewController.swift in Sources */ = {isa = PBXBuildFile; fileRef = A18912F11B2DEC1100567775 /* FirstViewController.swift */; };
		A18912F41B2DEC1100567775 /* SecondViewController.swift in Sources */ = {isa = PBXBuildFile; fileRef = A18912F31B2DEC1100567775 /* SecondViewController.swift */; };
		A18912F71B2DEC1100567775 /* Main.storyboard in Resources */ = {isa = PBXBuildFile; fileRef = A18912F51B2DEC1100567775 /* Main.storyboard */; };
		A18912F91B2DEC1100567775 /* Images.xcassets in Resources */ = {isa = PBXBuildFile; fileRef = A18912F81B2DEC1100567775 /* Images.xcassets */; };
		A18912FC1B2DEC1100567775 /* LaunchScreen.xib in Resources */ = {isa = PBXBuildFile; fileRef = A18912FA1B2DEC1100567775 /* LaunchScreen.xib */; };
		A18913081B2DEC1100567775 /* todaysTaskTests.swift in Sources */ = {isa = PBXBuildFile; fileRef = A18913071B2DEC1100567775 /* todaysTaskTests.swift */; };
		A18913121B2DEFCA00567775 /* TaskManager.swift in Sources */ = {isa = PBXBuildFile; fileRef = A18913111B2DEFCA00567775 /* TaskManager.swift */; };
/* End PBXBuildFile section */

/* Begin PBXContainerItemProxy section */
		A18913021B2DEC1100567775 /* PBXContainerItemProxy */ = {
			isa = PBXContainerItemProxy;
			containerPortal = A18912E21B2DEC1000567775 /* Project object */;
			proxyType = 1;
			remoteGlobalIDString = A18912E91B2DEC1000567775;
			remoteInfo = todaysTask;
		};
/* End PBXContainerItemProxy section */

/* Begin PBXFileReference section */
		A18912EA1B2DEC1100567775 /* todaysTask.app */ = {isa = PBXFileReference; explicitFileType = wrapper.application; includeInIndex = 0; path = todaysTask.app; sourceTree = BUILT_PRODUCTS_DIR; };
		A18912EE1B2DEC1100567775 /* Info.plist */ = {isa = PBXFileReference; lastKnownFileType = text.plist.xml; path = Info.plist; sourceTree = "<group>"; };
		A18912EF1B2DEC1100567775 /* AppDelegate.swift */ = {isa = PBXFileReference; lastKnownFileType = sourcecode.swift; path = AppDelegate.swift; sourceTree = "<group>"; };
		A18912F11B2DEC1100567775 /* FirstViewController.swift */ = {isa = PBXFileReference; lastKnownFileType = sourcecode.swift; path = FirstViewController.swift; sourceTree = "<group>"; };
		A18912F31B2DEC1100567775 /* SecondViewController.swift */ = {isa = PBXFileReference; lastKnownFileType = sourcecode.swift; path = SecondViewController.swift; sourceTree = "<group>"; };
		A18912F61B2DEC1100567775 /* Base */ = {isa = PBXFileReference; lastKnownFileType = file.storyboard; name = Base; path = Base.lproj/Main.storyboard; sourceTree = "<group>"; };
		A18912F81B2DEC1100567775 /* Images.xcassets */ = {isa = PBXFileReference; lastKnownFileType = folder.assetcatalog; path = Images.xcassets; sourceTree = "<group>"; };
		A18912FB1B2DEC1100567775 /* Base */ = {isa = PBXFileReference; lastKnownFileType = file.xib; name = Base; path = Base.lproj/LaunchScreen.xib; sourceTree = "<group>"; };
		A18913011B2DEC1100567775 /* todaysTaskTests.xctest */ = {isa = PBXFileReference; explicitFileType = wrapper.cfbundle; includeInIndex = 0; path = todaysTaskTests.xctest; sourceTree = BUILT_PRODUCTS_DIR; };
		A18913061B2DEC1100567775 /* Info.plist */ = {isa = PBXFileReference; lastKnownFileType = text.plist.xml; path = Info.plist; sourceTree = "<group>"; };
		A18913071B2DEC1100567775 /* todaysTaskTests.swift */ = {isa = PBXFileReference; lastKnownFileType = sourcecode.swift; path = todaysTaskTests.swift; sourceTree = "<group>"; };
		A18913111B2DEFCA00567775 /* TaskManager.swift */ = {isa = PBXFileReference; fileEncoding = 4; lastKnownFileType = sourcecode.swift; path = TaskManager.swift; sourceTree = "<group>"; };
/* End PBXFileReference section */

/* Begin PBXFrameworksBuildPhase section */
		A18912E71B2DEC1000567775 /* Frameworks */ = {
			isa = PBXFrameworksBuildPhase;
			buildActionMask = 2147483647;
			files = (
			);
			runOnlyForDeploymentPostprocessing = 0;
		};
		A18912FE1B2DEC1100567775 /* Frameworks */ = {
			isa = PBXFrameworksBuildPhase;
			buildActionMask = 2147483647;
			files = (
			);
			runOnlyForDeploymentPostprocessing = 0;
		};
/* End PBXFrameworksBuildPhase section */

/* Begin PBXGroup section */
		A18912E11B2DEC1000567775 = {
			isa = PBXGroup;
			children = (
				A18912EC1B2DEC1100567775 /* todaysTask */,
				A18913041B2DEC1100567775 /* todaysTaskTests */,
				A18912EB1B2DEC1100567775 /* Products */,
			);
			sourceTree = "<group>";
		};
		A18912EB1B2DEC1100567775 /* Products */ = {
			isa = PBXGroup;
			children = (
				A18912EA1B2DEC1100567775 /* todaysTask.app */,
				A18913011B2DEC1100567775 /* todaysTaskTests.xctest */,
			);
			name = Products;
			sourceTree = "<group>";
		};
		A18912EC1B2DEC1100567775 /* todaysTask */ = {
			isa = PBXGroup;
			children = (
				A18912EF1B2DEC1100567775 /* AppDelegate.swift */,
				A18912F11B2DEC1100567775 /* FirstViewController.swift */,
				A18912F31B2DEC1100567775 /* SecondViewController.swift */,
				A18913111B2DEFCA00567775 /* TaskManager.swift */,
				A18912F51B2DEC1100567775 /* Main.storyboard */,
				A18912F81B2DEC1100567775 /* Images.xcassets */,
				A18912FA1B2DEC1100567775 /* LaunchScreen.xib */,
				A18912ED1B2DEC1100567775 /* Supporting Files */,
			);
			path = todaysTask;
			sourceTree = "<group>";
		};
		A18912ED1B2DEC1100567775 /* Supporting Files */ = {
			isa = PBXGroup;
			children = (
				A18912EE1B2DEC1100567775 /* Info.plist */,
			);
			name = "Supporting Files";
			sourceTree = "<group>";
		};
		A18913041B2DEC1100567775 /* todaysTaskTests */ = {
			isa = PBXGroup;
			children = (
				A18913071B2DEC1100567775 /* todaysTaskTests.swift */,
				A18913051B2DEC1100567775 /* Supporting Files */,
			);
			path = todaysTaskTests;
			sourceTree = "<group>";
		};
		A18913051B2DEC1100567775 /* Supporting Files */ = {
			isa = PBXGroup;
			children = (
				A18913061B2DEC1100567775 /* Info.plist */,
			);
			name = "Supporting Files";
			sourceTree = "<group>";
		};
/* End PBXGroup section */

/* Begin PBXNativeTarget section */
		A18912E91B2DEC1000567775 /* todaysTask */ = {
			isa = PBXNativeTarget;
			buildConfigurationList = A189130B1B2DEC1100567775 /* Build configuration list for PBXNativeTarget "todaysTask" */;
			buildPhases = (
				A18912E61B2DEC1000567775 /* Sources */,
				A18912E71B2DEC1000567775 /* Frameworks */,
				A18912E81B2DEC1000567775 /* Resources */,
			);
			buildRules = (
			);
			dependencies = (
			);
			name = todaysTask;
			productName = todaysTask;
			productReference = A18912EA1B2DEC1100567775 /* todaysTask.app */;
			productType = "com.apple.product-type.application";
		};
		A18913001B2DEC1100567775 /* todaysTaskTests */ = {
			isa = PBXNativeTarget;
			buildConfigurationList = A189130E1B2DEC1100567775 /* Build configuration list for PBXNativeTarget "todaysTaskTests" */;
			buildPhases = (
				A18912FD1B2DEC1100567775 /* Sources */,
				A18912FE1B2DEC1100567775 /* Frameworks */,
				A18912FF1B2DEC1100567775 /* Resources */,
			);
			buildRules = (
			);
			dependencies = (
				A18913031B2DEC1100567775 /* PBXTargetDependency */,
			);
			name = todaysTaskTests;
			productName = todaysTaskTests;
			productReference = A18913011B2DEC1100567775 /* todaysTaskTests.xctest */;
			productType = "com.apple.product-type.bundle.unit-test";
		};
/* End PBXNativeTarget section */

/* Begin PBXProject section */
		A18912E21B2DEC1000567775 /* Project object */ = {
			isa = PBXProject;
			attributes = {
				LastUpgradeCheck = 0610;
				ORGANIZATIONNAME = "UJJAL SUTTRA DHAR";
				TargetAttributes = {
					A18912E91B2DEC1000567775 = {
						CreatedOnToolsVersion = 6.1;
					};
					A18913001B2DEC1100567775 = {
						CreatedOnToolsVersion = 6.1;
						TestTargetID = A18912E91B2DEC1000567775;
					};
				};
			};
			buildConfigurationList = A18912E51B2DEC1000567775 /* Build configuration list for PBXProject "todaysTask" */;
			compatibilityVersion = "Xcode 3.2";
			developmentRegion = English;
			hasScannedForEncodings = 0;
			knownRegions = (
				en,
				Base,
			);
			mainGroup = A18912E11B2DEC1000567775;
			productRefGroup = A18912EB1B2DEC1100567775 /* Products */;
			projectDirPath = "";
			projectRoot = "";
			targets = (
				A18912E91B2DEC1000567775 /* todaysTask */,
				A18913001B2DEC1100567775 /* todaysTaskTests */,
			);
		};
/* End PBXProject section */

/* Begin PBXResourcesBuildPhase section */
		A18912E81B2DEC1000567775 /* Resources */ = {
			isa = PBXResourcesBuildPhase;
			buildActionMask = 2147483647;
			files = (
				A18912F71B2DEC1100567775 /* Main.storyboard in Resources */,
				A18912FC1B2DEC1100567775 /* LaunchScreen.xib in Resources */,
				A18912F91B2DEC1100567775 /* Images.xcassets in Resources */,
			);
			runOnlyForDeploymentPostprocessing = 0;
		};
		A18912FF1B2DEC1100567775 /* Resources */ = {
			isa = PBXResourcesBuildPhase;
			buildActionMask = 2147483647;
			files = (
			);
			runOnlyForDeploymentPostprocessing = 0;
		};
/* End PBXResourcesBuildPhase section */

/* Begin PBXSourcesBuildPhase section */
		A18912E61B2DEC1000567775 /* Sources */ = {
			isa = PBXSourcesBuildPhase;
			buildActionMask = 2147483647;
			files = (
				A18912F41B2DEC1100567775 /* SecondViewController.swift in Sources */,
				A18912F01B2DEC1100567775 /* AppDelegate.swift in Sources */,
				A18913121B2DEFCA00567775 /* TaskManager.swift in Sources */,
				A18912F21B2DEC1100567775 /* FirstViewController.swift in Sources */,
			);
			runOnlyForDeploymentPostprocessing = 0;
		};
		A18912FD1B2DEC1100567775 /* Sources */ = {
			isa = PBXSourcesBuildPhase;
			buildActionMask = 2147483647;
			files = (
				A18913081B2DEC1100567775 /* todaysTaskTests.swift in Sources */,
			);
			runOnlyForDeploymentPostprocessing = 0;
		};
/* End PBXSourcesBuildPhase section */

/* Begin PBXTargetDependency section */
		A18913031B2DEC1100567775 /* PBXTargetDependency */ = {
			isa = PBXTargetDependency;
			target = A18912E91B2DEC1000567775 /* todaysTask */;
			targetProxy = A18913021B2DEC1100567775 /* PBXContainerItemProxy */;
		};
/* End PBXTargetDependency section */

/* Begin PBXVariantGroup section */
		A18912F51B2DEC1100567775 /* Main.storyboard */ = {
			isa = PBXVariantGroup;
			children = (
				A18912F61B2DEC1100567775 /* Base */,
			);
			name = Main.storyboard;
			sourceTree = "<group>";
		};
		A18912FA1B2DEC1100567775 /* LaunchScreen.xib */ = {
			isa = PBXVariantGroup;
			children = (
				A18912FB1B2DEC1100567775 /* Base */,
			);
			name = LaunchScreen.xib;
			sourceTree = "<group>";
		};
/* End PBXVariantGroup section */

/* Begin XCBuildConfiguration section */
		A18913091B2DEC1100567775 /* Debug */ = {
			isa = XCBuildConfiguration;
			buildSettings = {
				ALWAYS_SEARCH_USER_PATHS = NO;
				CLANG_CXX_LANGUAGE_STANDARD = "gnu++0x";
				CLANG_CXX_LIBRARY = "libc++";
				CLANG_ENABLE_MODULES = YES;
				CLANG_ENABLE_OBJC_ARC = YES;
				CLANG_WARN_BOOL_CONVERSION = YES;
				CLANG_WARN_CONSTANT_CONVERSION = YES;
				CLANG_WARN_DIRECT_OBJC_ISA_USAGE = YES_ERROR;
				CLANG_WARN_EMPTY_BODY = YES;
				CLANG_WARN_ENUM_CONVERSION = YES;
				CLANG_WARN_INT_CONVERSION = YES;
				CLANG_WARN_OBJC_ROOT_CLASS = YES_ERROR;
				CLANG_WARN_UNREACHABLE_CODE = YES;
				CLANG_WARN__DUPLICATE_METHOD_MATCH = YES;
				"CODE_SIGN_IDENTITY[sdk=iphoneos*]" = "iPhone Developer";
				COPY_PHASE_STRIP = NO;
				ENABLE_STRICT_OBJC_MSGSEND = YES;
				GCC_C_LANGUAGE_STANDARD = gnu99;
				GCC_DYNAMIC_NO_PIC = NO;
				GCC_OPTIMIZATION_LEVEL = 0;
				GCC_PREPROCESSOR_DEFINITIONS = (
					"DEBUG=1",
					"$(inherited)",
				);
				GCC_SYMBOLS_PRIVATE_EXTERN = NO;
				GCC_WARN_64_TO_32_BIT_CONVERSION = YES;
				GCC_WARN_ABOUT_RETURN_TYPE = YES_ERROR;
				GCC_WARN_UNDECLARED_SELECTOR = YES;
				GCC_WARN_UNINITIALIZED_AUTOS = YES_AGGRESSIVE;
				GCC_WARN_UNUSED_FUNCTION = YES;
				GCC_WARN_UNUSED_VARIABLE = YES;
				IPHONEOS_DEPLOYMENT_TARGET = 8.1;
				MTL_ENABLE_DEBUG_INFO = YES;
				ONLY_ACTIVE_ARCH = YES;
				SDKROOT = iphoneos;
				SWIFT_OPTIMIZATION_LEVEL = "-Onone";
			};
			name = Debug;
		};
		A189130A1B2DEC1100567775 /* Release */ = {
			isa = XCBuildConfiguration;
			buildSettings = {
				ALWAYS_SEARCH_USER_PATHS = NO;
				CLANG_CXX_LANGUAGE_STANDARD = "gnu++0x";
				CLANG_CXX_LIBRARY = "libc++";
				CLANG_ENABLE_MODULES = YES;
				CLANG_ENABLE_OBJC_ARC = YES;
				CLANG_WARN_BOOL_CONVERSION = YES;
				CLANG_WARN_CONSTANT_CONVERSION = YES;
				CLANG_WARN_DIRECT_OBJC_ISA_USAGE = YES_ERROR;
				CLANG_WARN_EMPTY_BODY = YES;
				CLANG_WARN_ENUM_CONVERSION = YES;
				CLANG_WARN_INT_CONVERSION = YES;
				CLANG_WARN_OBJC_ROOT_CLASS = YES_ERROR;
				CLANG_WARN_UNREACHABLE_CODE = YES;
				CLANG_WARN__DUPLICATE_METHOD_MATCH = YES;
				"CODE_SIGN_IDENTITY[sdk=iphoneos*]" = "iPhone Developer";
				COPY_PHASE_STRIP = YES;
				ENABLE_NS_ASSERTIONS = NO;
				ENABLE_STRICT_OBJC_MSGSEND = YES;
				GCC_C_LANGUAGE_STANDARD = gnu99;
				GCC_WARN_64_TO_32_BIT_CONVERSION = YES;
				GCC_WARN_ABOUT_RETURN_TYPE = YES_ERROR;
				GCC_WARN_UNDECLARED_SELECTOR = YES;
				GCC_WARN_UNINITIALIZED_AUTOS = YES_AGGRESSIVE;
				GCC_WARN_UNUSED_FUNCTION = YES;
				GCC_WARN_UNUSED_VARIABLE = YES;
				IPHONEOS_DEPLOYMENT_TARGET = 8.1;
				MTL_ENABLE_DEBUG_INFO = NO;
				SDKROOT = iphoneos;
				VALIDATE_PRODUCT = YES;
			};
			name = Release;
		};
		A189130C1B2DEC1100567775 /* Debug */ = {
			isa = XCBuildConfiguration;
			buildSettings = {
				ASSETCATALOG_COMPILER_APPICON_NAME = AppIcon;
				INFOPLIST_FILE = todaysTask/Info.plist;
				LD_RUNPATH_SEARCH_PATHS = "$(inherited) @executable_path/Frameworks";
				PRODUCT_NAME = "$(TARGET_NAME)";
			};
			name = Debug;
		};
		A189130D1B2DEC1100567775 /* Release */ = {
			isa = XCBuildConfiguration;
			buildSettings = {
				ASSETCATALOG_COMPILER_APPICON_NAME = AppIcon;
				INFOPLIST_FILE = todaysTask/Info.plist;
				LD_RUNPATH_SEARCH_PATHS = "$(inherited) @executable_path/Frameworks";
				PRODUCT_NAME = "$(TARGET_NAME)";
			};
			name = Release;
		};
		A189130F1B2DEC1100567775 /* Debug */ = {
			isa = XCBuildConfiguration;
			buildSettings = {
				BUNDLE_LOADER = "$(TEST_HOST)";
				FRAMEWORK_SEARCH_PATHS = (
					"$(SDKROOT)/Developer/Library/Frameworks",
					"$(inherited)",
				);
				GCC_PREPROCESSOR_DEFINITIONS = (
					"DEBUG=1",
					"$(inherited)",
				);
				INFOPLIST_FILE = todaysTaskTests/Info.plist;
				LD_RUNPATH_SEARCH_PATHS = "$(inherited) @executable_path/Frameworks @loader_path/Frameworks";
				PRODUCT_NAME = "$(TARGET_NAME)";
				TEST_HOST = "$(BUILT_PRODUCTS_DIR)/todaysTask.app/todaysTask";
			};
			name = Debug;
		};
		A18913101B2DEC1100567775 /* Release */ = {
			isa = XCBuildConfiguration;
			buildSettings = {
				BUNDLE_LOADER = "$(TEST_HOST)";
				FRAMEWORK_SEARCH_PATHS = (
					"$(SDKROOT)/Developer/Library/Frameworks",
					"$(inherited)",
				);
				INFOPLIST_FILE = todaysTaskTests/Info.plist;
				LD_RUNPATH_SEARCH_PATHS = "$(inherited) @executable_path/Frameworks @loader_path/Frameworks";
				PRODUCT_NAME = "$(TARGET_NAME)";
				TEST_HOST = "$(BUILT_PRODUCTS_DIR)/todaysTask.app/todaysTask";
			};
			name = Release;
		};
/* End XCBuildConfiguration section */

/* Begin XCConfigurationList section */
		A18912E51B2DEC1000567775 /* Build configuration list for PBXProject "todaysTask" */ = {
			isa = XCConfigurationList;
			buildConfigurations = (
				A18913091B2DEC1100567775 /* Debug */,
				A189130A1B2DEC1100567775 /* Release */,
			);
			defaultConfigurationIsVisible = 0;
			defaultConfigurationName = Release;
		};
		A189130B1B2DEC1100567775 /* Build configuration list for PBXNativeTarget "todaysTask" */ = {
			isa = XCConfigurationList;
			buildConfigurations = (
				A189130C1B2DEC1100567775 /* Debug */,
				A189130D1B2DEC1100567775 /* Release */,
			);
			defaultConfigurationIsVisible = 0;
		};
		A189130E1B2DEC1100567775 /* Build configuration list for PBXNativeTarget "todaysTaskTests" */ = {
			isa = XCConfigurationList;
			buildConfigurations = (
				A189130F1B2DEC1100567775 /* Debug */,
				A18913101B2DEC1100567775 /* Release */,
			);
			defaultConfigurationIsVisible = 0;
		};
/* End XCConfigurationList section */
	};
	rootObject = A18912E21B2DEC1000567775 /* Project object */;
}
